
Microsoft Visual Studio Solution File, Format Version 12.00
Project("{FAE04EC0-301F-11D3-BF4B-00C04F79EFBC}") = "CRM_TestTask", "CRM_TestTask.csproj", "{C8ECC968-A900-42EE-B2D8-DCCD494E849A}"
EndProject
Global
	GlobalSection(SolutionConfigurationPlatforms) = preSolution
		Debug|Any CPU = Debug|Any CPU
		Release|Any CPU = Release|Any CPU
	EndGlobalSection
	GlobalSection(ProjectConfigurationPlatforms) = postSolution
		{C8ECC968-A900-42EE-B2D8-DCCD494E849A}.Debug|Any CPU.ActiveCfg = Debug|Any CPU
		{C8ECC968-A900-42EE-B2D8-DCCD494E849A}.Debug|Any CPU.Build.0 = Debug|Any CPU
		{C8ECC968-A900-42EE-B2D8-DCCD494E849A}.Release|Any CPU.ActiveCfg = Release|Any CPU
		{C8ECC968-A900-42EE-B2D8-DCCD494E849A}.Release|Any CPU.Build.0 = Release|Any CPU
	EndGlobalSection
EndGlobal
